
Microsoft Visual Studio Solution File, Format Version 12.00
# Visual Studio Version 17
VisualStudioVersion = 17.5.33424.131
MinimumVisualStudioVersion = 10.0.40219.1
Project("{9A19103F-16F7-4668-BE54-9A1E7A4F7556}") = "PocketSafe", "PocketSafe\PocketSafe.csproj", "{87DA8A1F-4C3F-4B9F-91DD-E3522A8293A1}"
EndProject
Project("{9A19103F-16F7-4668-BE54-9A1E7A4F7556}") = "PocketSafe.Logic", "PocketSafe.Logic\PocketSafe.Logic.csproj", "{41A0D2FB-CC2B-4A35-AD4D-89F8E541BD3C}"
EndProject
Project("{9A19103F-16F7-4668-BE54-9A1E7A4F7556}") = "PocketSafe.DAL", "PocketSafe.DAL\PocketSafe.DAL.csproj", "{A0FC9A43-EAAA-4E3D-9C79-F90019386981}"
EndProject
Project("{FAE04EC0-301F-11D3-BF4B-00C04F79EFBC}") = "PocketSafe.PostgresMigrate", "PocketSafe.PostgresMigrate\PocketSafe.PostgresMigrate.csproj", "{F3BE7CAC-4709-4598-AC86-11507B1D67C4}"
EndProject
Global
	GlobalSection(SolutionConfigurationPlatforms) = preSolution
		Debug|Any CPU = Debug|Any CPU
		Release|Any CPU = Release|Any CPU
	EndGlobalSection
	GlobalSection(ProjectConfigurationPlatforms) = postSolution
		{87DA8A1F-4C3F-4B9F-91DD-E3522A8293A1}.Debug|Any CPU.ActiveCfg = Debug|Any CPU
		{87DA8A1F-4C3F-4B9F-91DD-E3522A8293A1}.Debug|Any CPU.Build.0 = Debug|Any CPU
		{87DA8A1F-4C3F-4B9F-91DD-E3522A8293A1}.Release|Any CPU.ActiveCfg = Release|Any CPU
		{87DA8A1F-4C3F-4B9F-91DD-E3522A8293A1}.Release|Any CPU.Build.0 = Release|Any CPU
		{41A0D2FB-CC2B-4A35-AD4D-89F8E541BD3C}.Debug|Any CPU.ActiveCfg = Debug|Any CPU
		{41A0D2FB-CC2B-4A35-AD4D-89F8E541BD3C}.Debug|Any CPU.Build.0 = Debug|Any CPU
		{41A0D2FB-CC2B-4A35-AD4D-89F8E541BD3C}.Release|Any CPU.ActiveCfg = Release|Any CPU
		{41A0D2FB-CC2B-4A35-AD4D-89F8E541BD3C}.Release|Any CPU.Build.0 = Release|Any CPU
		{A0FC9A43-EAAA-4E3D-9C79-F90019386981}.Debug|Any CPU.ActiveCfg = Debug|Any CPU
		{A0FC9A43-EAAA-4E3D-9C79-F90019386981}.Debug|Any CPU.Build.0 = Debug|Any CPU
		{A0FC9A43-EAAA-4E3D-9C79-F90019386981}.Release|Any CPU.ActiveCfg = Release|Any CPU
		{A0FC9A43-EAAA-4E3D-9C79-F90019386981}.Release|Any CPU.Build.0 = Release|Any CPU
		{F3BE7CAC-4709-4598-AC86-11507B1D67C4}.Debug|Any CPU.ActiveCfg = Debug|Any CPU
		{F3BE7CAC-4709-4598-AC86-11507B1D67C4}.Debug|Any CPU.Build.0 = Debug|Any CPU
		{F3BE7CAC-4709-4598-AC86-11507B1D67C4}.Release|Any CPU.ActiveCfg = Release|Any CPU
		{F3BE7CAC-4709-4598-AC86-11507B1D67C4}.Release|Any CPU.Build.0 = Release|Any CPU
	EndGlobalSection
	GlobalSection(SolutionProperties) = preSolution
		HideSolutionNode = FALSE
	EndGlobalSection
	GlobalSection(ExtensibilityGlobals) = postSolution
		SolutionGuid = {BA4B79BC-DE93-4A01-91AE-4A33CE1CA0B0}
	EndGlobalSection
EndGlobal
